Microsoft Visual Studio Solution File, Format Version 12.00
# Visual Studio Version 17
VisualStudioVersion = 17.5.2.0
MinimumVisualStudioVersion = 10.0.40219.1
Project("{FAE04EC0-301F-11D3-BF4B-00C04F79EFBC}") = "FirstWorkingGame", "FirstWorkingGame\FirstWorkingGame.csproj", "{810938FA-7E76-A3E1-34EF-1FDE36D93B01}"
EndProject
Project("{FAE04EC0-301F-11D3-BF4B-00C04F79EFBC}") = "SimulateFromZero", "SimulateFromZero\SimulateFromZero.csproj", "{D55A9B02-ADC7-3A02-23C2-5151B3F6F4C2}"
EndProject
Global
	GlobalSection(SolutionConfigurationPlatforms) = preSolution
		Debug|Any CPU = Debug|Any CPU
		Release|Any CPU = Release|Any CPU
	EndGlobalSection
	GlobalSection(ProjectConfigurationPlatforms) = postSolution
		{810938FA-7E76-A3E1-34EF-1FDE36D93B01}.Debug|Any CPU.ActiveCfg = Debug|Any CPU
		{810938FA-7E76-A3E1-34EF-1FDE36D93B01}.Debug|Any CPU.Build.0 = Debug|Any CPU
		{810938FA-7E76-A3E1-34EF-1FDE36D93B01}.Release|Any CPU.ActiveCfg = Release|Any CPU
		{810938FA-7E76-A3E1-34EF-1FDE36D93B01}.Release|Any CPU.Build.0 = Release|Any CPU
		{D55A9B02-ADC7-3A02-23C2-5151B3F6F4C2}.Debug|Any CPU.ActiveCfg = Debug|Any CPU
		{D55A9B02-ADC7-3A02-23C2-5151B3F6F4C2}.Debug|Any CPU.Build.0 = Debug|Any CPU
		{D55A9B02-ADC7-3A02-23C2-5151B3F6F4C2}.Release|Any CPU.ActiveCfg = Release|Any CPU
		{D55A9B02-ADC7-3A02-23C2-5151B3F6F4C2}.Release|Any CPU.Build.0 = Release|Any CPU
	EndGlobalSection
	GlobalSection(SolutionProperties) = preSolution
		HideSolutionNode = FALSE
	EndGlobalSection
	GlobalSection(ExtensibilityGlobals) = postSolution
		SolutionGuid = {53881812-48FD-45F8-B69A-BCBE32242CDC}
	EndGlobalSection
EndGlobal
