Microsoft Visual Studio Solution File, Format Version 12.00
# Visual Studio Version 17
VisualStudioVersion = 17.5.2.0
MinimumVisualStudioVersion = 10.0.40219.1
Project("{FAE04EC0-301F-11D3-BF4B-00C04F79EFBC}") = "GameStudiesWithCSharp", "GameStudiesWithCSharp.csproj", "{A901CBC7-BAFD-CB24-4B93-0CA215697A11}"
EndProject
Global
	GlobalSection(SolutionConfigurationPlatforms) = preSolution
		Debug|Any CPU = Debug|Any CPU
		Release|Any CPU = Release|Any CPU
	EndGlobalSection
	GlobalSection(ProjectConfigurationPlatforms) = postSolution
		{A901CBC7-BAFD-CB24-4B93-0CA215697A11}.Debug|Any CPU.ActiveCfg = Debug|Any CPU
		{A901CBC7-BAFD-CB24-4B93-0CA215697A11}.Debug|Any CPU.Build.0 = Debug|Any CPU
		{A901CBC7-BAFD-CB24-4B93-0CA215697A11}.Release|Any CPU.ActiveCfg = Release|Any CPU
		{A901CBC7-BAFD-CB24-4B93-0CA215697A11}.Release|Any CPU.Build.0 = Release|Any CPU
	EndGlobalSection
	GlobalSection(SolutionProperties) = preSolution
		HideSolutionNode = FALSE
	EndGlobalSection
	GlobalSection(ExtensibilityGlobals) = postSolution
		SolutionGuid = {A73D0769-6EAB-4D47-BD15-873377DFFB8E}
	EndGlobalSection
EndGlobal
